
Microsoft Visual Studio Solution File, Format Version 12.00
# Visual Studio Version 17
VisualStudioVersion = 17.7.34031.279
MinimumVisualStudioVersion = 10.0.40219.1
Project("{FAE04EC0-301F-11D3-BF4B-00C04F79EFBC}") = "ExpenseTracker", "ExpenseTracker\ExpenseTracker.csproj", "{C322353A-93E5-47D0-9C0F-229C3952F6B9}"
EndProject
Project("{2150E333-8FDC-42A3-9474-1A3956D46DE8}") = "Solution Items", "Solution Items", "{3B860D11-D9B0-460D-96BD-CE182E1C8915}"
	ProjectSection(SolutionItems) = preProject
		.editorconfig = .editorconfig
	EndProjectSection
EndProject
Global
	GlobalSection(SolutionConfigurationPlatforms) = preSolution
		Debug|Any CPU = Debug|Any CPU
		Release|Any CPU = Release|Any CPU
	EndGlobalSection
	GlobalSection(ProjectConfigurationPlatforms) = postSolution
		{C322353A-93E5-47D0-9C0F-229C3952F6B9}.Debug|Any CPU.ActiveCfg = Debug|Any CPU
		{C322353A-93E5-47D0-9C0F-229C3952F6B9}.Debug|Any CPU.Build.0 = Debug|Any CPU
		{C322353A-93E5-47D0-9C0F-229C3952F6B9}.Release|Any CPU.ActiveCfg = Release|Any CPU
		{C322353A-93E5-47D0-9C0F-229C3952F6B9}.Release|Any CPU.Build.0 = Release|Any CPU
	EndGlobalSection
	GlobalSection(SolutionProperties) = preSolution
		HideSolutionNode = FALSE
	EndGlobalSection
	GlobalSection(ExtensibilityGlobals) = postSolution
		SolutionGuid = {BE83C7A0-116E-4EB8-8548-E44945297B74}
	EndGlobalSection
EndGlobal
